
Microsoft Visual Studio Solution File, Format Version 12.00
# Visual Studio 15
VisualStudioVersion = 15.0.27428.2043
MinimumVisualStudioVersion = 10.0.40219.1
Project("{FAE04EC0-301F-11D3-BF4B-00C04F79EFBC}") = "Fisherman", "Fisherman\Fisherman.csproj", "{3D154235-FF70-43A8-875A-DADD779F8882}"
EndProject
Project("{888888A0-9F3D-457C-B088-3A5042F75D52}") = "FishermanEvaluator", "FishermanEvaluator\FishermanEvaluator.pyproj", "{97C5C584-8AE2-41C3-8E28-870CFA3E7617}"
EndProject
Global
	GlobalSection(SolutionConfigurationPlatforms) = preSolution
		Debug|Any CPU = Debug|Any CPU
		Release|Any CPU = Release|Any CPU
	EndGlobalSection
	GlobalSection(ProjectConfigurationPlatforms) = postSolution
		{3D154235-FF70-43A8-875A-DADD779F8882}.Debug|Any CPU.ActiveCfg = Debug|Any CPU
		{3D154235-FF70-43A8-875A-DADD779F8882}.Debug|Any CPU.Build.0 = Debug|Any CPU
		{3D154235-FF70-43A8-875A-DADD779F8882}.Release|Any CPU.ActiveCfg = Release|Any CPU
		{3D154235-FF70-43A8-875A-DADD779F8882}.Release|Any CPU.Build.0 = Release|Any CPU
		{97C5C584-8AE2-41C3-8E28-870CFA3E7617}.Debug|Any CPU.ActiveCfg = Debug|Any CPU
		{97C5C584-8AE2-41C3-8E28-870CFA3E7617}.Release|Any CPU.ActiveCfg = Release|Any CPU
	EndGlobalSection
	GlobalSection(SolutionProperties) = preSolution
		HideSolutionNode = FALSE
	EndGlobalSection
	GlobalSection(ExtensibilityGlobals) = postSolution
		SolutionGuid = {1793F87C-4109-4AB7-B9C0-1FEFAB2A1777}
	EndGlobalSection
EndGlobal
